
Microsoft Visual Studio Solution File, Format Version 12.00
# Visual Studio Version 17
VisualStudioVersion = 17.8.34330.188
MinimumVisualStudioVersion = 10.0.40219.1
Project("{9A19103F-16F7-4668-BE54-9A1E7A4F7556}") = "MVCMuhasebeProjesi", "MVCMuhasebeProjesi\MVCMuhasebeProjesi.csproj", "{17BE5318-6548-49B4-8073-F7D77BDEC95E}"
EndProject
Project("{9A19103F-16F7-4668-BE54-9A1E7A4F7556}") = "MVCGenel", "MVCGenel\MVCGenel.csproj", "{347EBB19-F918-46F3-81CE-E603998B97A2}"
EndProject
Project("{FAE04EC0-301F-11D3-BF4B-00C04F79EFBC}") = "KucukUnluUyumu_CustomTagHelper", "KucukUnluUyumu_CustomTagHelper\KucukUnluUyumu_CustomTagHelper.csproj", "{7D0D087C-E9C0-46CE-9070-4B446A5E721F}"
EndProject
Project("{FAE04EC0-301F-11D3-BF4B-00C04F79EFBC}") = "MVCSupermarketOrnek", "MVCSupermarketOrnek\MVCSupermarketOrnek.csproj", "{67517C89-8B70-42E9-A649-AA90A67D864C}"
EndProject
Global
	GlobalSection(SolutionConfigurationPlatforms) = preSolution
		Debug|Any CPU = Debug|Any CPU
		Release|Any CPU = Release|Any CPU
	EndGlobalSection
	GlobalSection(ProjectConfigurationPlatforms) = postSolution
		{17BE5318-6548-49B4-8073-F7D77BDEC95E}.Debug|Any CPU.ActiveCfg = Debug|Any CPU
		{17BE5318-6548-49B4-8073-F7D77BDEC95E}.Debug|Any CPU.Build.0 = Debug|Any CPU
		{17BE5318-6548-49B4-8073-F7D77BDEC95E}.Release|Any CPU.ActiveCfg = Release|Any CPU
		{17BE5318-6548-49B4-8073-F7D77BDEC95E}.Release|Any CPU.Build.0 = Release|Any CPU
		{347EBB19-F918-46F3-81CE-E603998B97A2}.Debug|Any CPU.ActiveCfg = Debug|Any CPU
		{347EBB19-F918-46F3-81CE-E603998B97A2}.Debug|Any CPU.Build.0 = Debug|Any CPU
		{347EBB19-F918-46F3-81CE-E603998B97A2}.Release|Any CPU.ActiveCfg = Release|Any CPU
		{347EBB19-F918-46F3-81CE-E603998B97A2}.Release|Any CPU.Build.0 = Release|Any CPU
		{7D0D087C-E9C0-46CE-9070-4B446A5E721F}.Debug|Any CPU.ActiveCfg = Debug|Any CPU
		{7D0D087C-E9C0-46CE-9070-4B446A5E721F}.Debug|Any CPU.Build.0 = Debug|Any CPU
		{7D0D087C-E9C0-46CE-9070-4B446A5E721F}.Release|Any CPU.ActiveCfg = Release|Any CPU
		{7D0D087C-E9C0-46CE-9070-4B446A5E721F}.Release|Any CPU.Build.0 = Release|Any CPU
		{67517C89-8B70-42E9-A649-AA90A67D864C}.Debug|Any CPU.ActiveCfg = Debug|Any CPU
		{67517C89-8B70-42E9-A649-AA90A67D864C}.Debug|Any CPU.Build.0 = Debug|Any CPU
		{67517C89-8B70-42E9-A649-AA90A67D864C}.Release|Any CPU.ActiveCfg = Release|Any CPU
		{67517C89-8B70-42E9-A649-AA90A67D864C}.Release|Any CPU.Build.0 = Release|Any CPU
	EndGlobalSection
	GlobalSection(SolutionProperties) = preSolution
		HideSolutionNode = FALSE
	EndGlobalSection
	GlobalSection(ExtensibilityGlobals) = postSolution
		SolutionGuid = {47DCDB87-5E6A-49F9-822E-E3FA94818B15}
	EndGlobalSection
EndGlobal
