
Microsoft Visual Studio Solution File, Format Version 12.00
# Visual Studio Version 17
VisualStudioVersion = 17.8.34330.188
MinimumVisualStudioVersion = 10.0.40219.1
Project("{FAE04EC0-301F-11D3-BF4B-00C04F79EFBC}") = "MVC", "MVC\MVC.csproj", "{C6CB6993-980A-4258-932D-25B947575541}"
EndProject
Global
	GlobalSection(SolutionConfigurationPlatforms) = preSolution
		Debug|Any CPU = Debug|Any CPU
		Release|Any CPU = Release|Any CPU
	EndGlobalSection
	GlobalSection(ProjectConfigurationPlatforms) = postSolution
		{C6CB6993-980A-4258-932D-25B947575541}.Debug|Any CPU.ActiveCfg = Debug|Any CPU
		{C6CB6993-980A-4258-932D-25B947575541}.Debug|Any CPU.Build.0 = Debug|Any CPU
		{C6CB6993-980A-4258-932D-25B947575541}.Release|Any CPU.ActiveCfg = Release|Any CPU
		{C6CB6993-980A-4258-932D-25B947575541}.Release|Any CPU.Build.0 = Release|Any CPU
	EndGlobalSection
	GlobalSection(SolutionProperties) = preSolution
		HideSolutionNode = FALSE
	EndGlobalSection
	GlobalSection(ExtensibilityGlobals) = postSolution
		SolutionGuid = {47DCDB87-5E6A-49F9-822E-E3FA94818B15}
	EndGlobalSection
EndGlobal
